PODS:
  - EHItemViewCommon (1.0.0)
  - EHPageItemsView (1.0.0):
    - EHItemViewCommon (~> 1.0.0)
  - Masonry (0.6.4)
  - YYCategories (1.0.4):
    - YYCategories/no-arc (= 1.0.4)
  - YYCategories/no-arc (1.0.4)

DEPENDENCIES:
  - EHPageItemsView (from `../`)
  - Masonry (~> 0.6.4)
  - YYCategories (~> 1.0.1)

EXTERNAL SOURCES:
  EHPageItemsView:
    :path: "../"

SPEC CHECKSUMS:
  EHItemViewCommon: 75b801f64e4f5ac7bbd9972911501a4e3993b27d
  EHPageItemsView: 45890fc13518b167e48989767632d5844670ee3c
  Masonry: 281802d04d787ea2973179ee8bcb50500579ede2
  YYCategories: 6bcd4314c6661a561410dce4a793379ebd306abd

PODFILE CHECKSUM: 2ae6fc3d2a4302c52655c1b7626ede23000365ae

COCOAPODS: 1.0.0
